schema: '2.0'
stages:
  get_data:
    cmd: python scripts/data.py
    deps:
    - path: scripts/data.py
      hash: md5
      md5: 0cb91ccf334d3a8c724bcfb33d59cc59
      size: 1495
    params:
      params.yaml:
        index_col: customer_id
        retrain: true
    outs:
    - path: data/initial_data.csv
      hash: md5
      md5: 65ed44651d534db19d238ebf6882b3f4
      size: 823606
      cloud:
        my_storage:
          etag: 65ed44651d534db19d238ebf6882b3f4
          version_id: 0006565801ED82C0
  fit_model:
    cmd: python scripts/fit.py
    deps:
    - path: data/initial_data.csv
      hash: md5
      md5: 65ed44651d534db19d238ebf6882b3f4
      size: 823606
    - path: scripts/fit.py
      hash: md5
      md5: 529ba868076275e81ca8288f29fd156e
      size: 1924
    params:
      params.yaml:
        auto_class_weights: Balanced
        index_col: customer_id
        one_hot_drop: if_binary
        retrain: true
        target_col: target
    outs:
    - path: models/fitted_model.pkl
      hash: md5
      md5: 206e8ee6e97e98ffb6c20c317353359d
      size: 1100287
  evaluate_model:
    cmd: python scripts/evaluate.py
    deps:
    - path: models/fitted_model.pkl
      hash: md5
      md5: 206e8ee6e97e98ffb6c20c317353359d
      size: 1100287
    - path: scripts/evaluate.py
      hash: md5
      md5: 14a419784db999a56517061e675dd7e4
      size: 1206
    params:
      params.yaml:
        index_col: customer_id
        metrics:
        - f1
        - roc_auc
        n_jobs: -1
        n_splits: 5
        retrain: true
        target_col: target
    outs:
    - path: cv_results/cv_res.json
      hash: md5
      md5: afa7aad46e561333a79a519975c0ecdb
      size: 78
